{
  "lockfile_version": "1",
  "packages": {
    "go-task@3.38.0": {
      "last_modified": "2024-09-10T15:01:03Z",
      "resolved": "github:NixOS/nixpkgs/5ed627539ac84809c78b2dd6d26a5cebeb5ae269#go-task",
      "source": "devbox-search",
      "version": "3.38.0",
      "systems": {
        "aarch64-darwin": {
          "outputs": [
            {
              "name": "out",
              "path": "/nix/store/6fnjga1f6y9yw0xfa7bqq48mk4wnwj60-go-task-3.38.0",
              "default": true
            }
          ],
          "store_path": "/nix/store/6fnjga1f6y9yw0xfa7bqq48mk4wnwj60-go-task-3.38.0"
        },
        "aarch64-linux": {
          "outputs": [
            {
              "name": "out",
              "path": "/nix/store/y00rivpjziw0zpzacdxjmrs5i28d7grf-go-task-3.38.0",
              "default": true
            }
          ],
          "store_path": "/nix/store/y00rivpjziw0zpzacdxjmrs5i28d7grf-go-task-3.38.0"
        },
        "x86_64-darwin": {
          "outputs": [
            {
              "name": "out",
              "path": "/nix/store/kc0zm9kgsraznqyns5jqv0dixfgk6fm7-go-task-3.38.0",
              "default": true
            }
          ],
          "store_path": "/nix/store/kc0zm9kgsraznqyns5jqv0dixfgk6fm7-go-task-3.38.0"
        },
        "x86_64-linux": {
          "outputs": [
            {
              "name": "out",
              "path": "/nix/store/6fya93gcf8sla6npxp99rnbvyj6pmnr5-go-task-3.38.0",
              "default": true
            }
          ],
          "store_path": "/nix/store/6fya93gcf8sla6npxp99rnbvyj6pmnr5-go-task-3.38.0"
        }
      }
    },
    "sqlc@1.27.0": {
      "last_modified": "2024-09-10T15:01:03Z",
      "resolved": "github:NixOS/nixpkgs/5ed627539ac84809c78b2dd6d26a5cebeb5ae269#sqlc",
      "source": "devbox-search",
      "version": "1.27.0",
      "systems": {
        "aarch64-darwin": {
          "outputs": [
            {
              "name": "out",
              "path": "/nix/store/h4r78fip8gpa04kyf2dxcky71k9qbmix-sqlc-1.27.0",
              "default": true
            }
          ],
          "store_path": "/nix/store/h4r78fip8gpa04kyf2dxcky71k9qbmix-sqlc-1.27.0"
        },
        "aarch64-linux": {
          "outputs": [
            {
              "name": "out",
              "path": "/nix/store/hdihdxgwa6apjm9p1li6ks78r7j483yq-sqlc-1.27.0",
              "default": true
            }
          ],
          "store_path": "/nix/store/hdihdxgwa6apjm9p1li6ks78r7j483yq-sqlc-1.27.0"
        },
        "x86_64-darwin": {
          "outputs": [
            {
              "name": "out",
              "path": "/nix/store/2cyw7j2bslcllc6xpmiygid935mx2mfl-sqlc-1.27.0",
              "default": true
            }
          ],
          "store_path": "/nix/store/2cyw7j2bslcllc6xpmiygid935mx2mfl-sqlc-1.27.0"
        },
        "x86_64-linux": {
          "outputs": [
            {
              "name": "out",
              "path": "/nix/store/pph12znxya2nh4kxv2hj5asxdjh5lzvb-sqlc-1.27.0",
              "default": true
            }
          ],
          "store_path": "/nix/store/pph12znxya2nh4kxv2hj5asxdjh5lzvb-sqlc-1.27.0"
        }
      }
    },
    "templ@0.2.778": {
      "last_modified": "2024-09-10T15:01:03Z",
      "resolved": "github:NixOS/nixpkgs/5ed627539ac84809c78b2dd6d26a5cebeb5ae269#templ",
      "source": "devbox-search",
      "version": "0.2.778",
      "systems": {
        "aarch64-darwin": {
          "outputs": [
            {
              "name": "out",
              "path": "/nix/store/n3yqslisz9v81k4w4vhci1v2bl1sqf9s-templ-0.2.778",
              "default": true
            }
          ],
          "store_path": "/nix/store/n3yqslisz9v81k4w4vhci1v2bl1sqf9s-templ-0.2.778"
        },
        "aarch64-linux": {
          "outputs": [
            {
              "name": "out",
              "path": "/nix/store/i4xjiw0vc25qpr3g01q0x401351w28hr-templ-0.2.778",
              "default": true
            }
          ],
          "store_path": "/nix/store/i4xjiw0vc25qpr3g01q0x401351w28hr-templ-0.2.778"
        },
        "x86_64-darwin": {
          "outputs": [
            {
              "name": "out",
              "path": "/nix/store/77w522agb5fgsr36jkifcccr9x4xwkf9-templ-0.2.778",
              "default": true
            }
          ],
          "store_path": "/nix/store/77w522agb5fgsr36jkifcccr9x4xwkf9-templ-0.2.778"
        },
        "x86_64-linux": {
          "outputs": [
            {
              "name": "out",
              "path": "/nix/store/1g5ji5930j03cycpcjy12z6lr24l9c65-templ-0.2.778",
              "default": true
            }
          ],
          "store_path": "/nix/store/1g5ji5930j03cycpcjy12z6lr24l9c65-templ-0.2.778"
        }
      }
    }
  }
}
